
Microsoft Visual Studio Solution File, Format Version 12.00
# Visual Studio Version 17
VisualStudioVersion = 17.8.34309.116
MinimumVisualStudioVersion = 10.0.40219.1
Project("{FAE04EC0-301F-11D3-BF4B-00C04F79EFBC}") = "Learn_Singleton", "Learn_Singleton\Learn_Singleton.csproj", "{1395525C-7E3B-43D1-BF24-782E874BB392}"
EndProject
Global
	GlobalSection(SolutionConfigurationPlatforms) = preSolution
		Debug|Any CPU = Debug|Any CPU
		Release|Any CPU = Release|Any CPU
	EndGlobalSection
	GlobalSection(ProjectConfigurationPlatforms) = postSolution
		{1395525C-7E3B-43D1-BF24-782E874BB392}.Debug|Any CPU.ActiveCfg = Debug|Any CPU
		{1395525C-7E3B-43D1-BF24-782E874BB392}.Debug|Any CPU.Build.0 = Debug|Any CPU
		{1395525C-7E3B-43D1-BF24-782E874BB392}.Release|Any CPU.ActiveCfg = Release|Any CPU
		{1395525C-7E3B-43D1-BF24-782E874BB392}.Release|Any CPU.Build.0 = Release|Any CPU
	EndGlobalSection
	GlobalSection(SolutionProperties) = preSolution
		HideSolutionNode = FALSE
	EndGlobalSection
	GlobalSection(ExtensibilityGlobals) = postSolution
		SolutionGuid = {584120D6-E465-4D37-AFF3-5876BDA36950}
	EndGlobalSection
EndGlobal
